
Microsoft Visual Studio Solution File, Format Version 12.00
# Visual Studio Version 16
VisualStudioVersion = 16.0.28729.10
MinimumVisualStudioVersion = 10.0.40219.1
Project("{9A19103F-16F7-4668-BE54-9A1E7A4F7556}") = "AppFocGenova", "AppFocGenova\AppFocGenova.csproj", "{8A94BF84-AAA6-45A8-8820-6466701A1CA3}"
EndProject
Project("{FAE04EC0-301F-11D3-BF4B-00C04F79EFBC}") = "AppFocGenova.Android", "AppFocGenova.Android\AppFocGenova.Android.csproj", "{8BB3B816-5193-4D86-8F26-0915786E2321}"
EndProject
Project("{FAE04EC0-301F-11D3-BF4B-00C04F79EFBC}") = "XUnitTestFocacBook", "XUnitTestFocacBook\XUnitTestFocacBook.csproj", "{A781B266-E4D2-4896-AC19-E3D6FC1EA2A5}"
EndProject
Global
	GlobalSection(SolutionConfigurationPlatforms) = preSolution
		Debug|Any CPU = Debug|Any CPU
		Release|Any CPU = Release|Any CPU
	EndGlobalSection
	GlobalSection(ProjectConfigurationPlatforms) = postSolution
		{8A94BF84-AAA6-45A8-8820-6466701A1CA3}.Debug|Any CPU.ActiveCfg = Debug|Any CPU
		{8A94BF84-AAA6-45A8-8820-6466701A1CA3}.Debug|Any CPU.Build.0 = Debug|Any CPU
		{8A94BF84-AAA6-45A8-8820-6466701A1CA3}.Release|Any CPU.ActiveCfg = Release|Any CPU
		{8A94BF84-AAA6-45A8-8820-6466701A1CA3}.Release|Any CPU.Build.0 = Release|Any CPU
		{8BB3B816-5193-4D86-8F26-0915786E2321}.Debug|Any CPU.ActiveCfg = Debug|Any CPU
		{8BB3B816-5193-4D86-8F26-0915786E2321}.Debug|Any CPU.Build.0 = Debug|Any CPU
		{8BB3B816-5193-4D86-8F26-0915786E2321}.Debug|Any CPU.Deploy.0 = Debug|Any CPU
		{8BB3B816-5193-4D86-8F26-0915786E2321}.Release|Any CPU.ActiveCfg = Release|Any CPU
		{8BB3B816-5193-4D86-8F26-0915786E2321}.Release|Any CPU.Build.0 = Release|Any CPU
		{8BB3B816-5193-4D86-8F26-0915786E2321}.Release|Any CPU.Deploy.0 = Release|Any CPU
		{A781B266-E4D2-4896-AC19-E3D6FC1EA2A5}.Debug|Any CPU.ActiveCfg = Debug|Any CPU
		{A781B266-E4D2-4896-AC19-E3D6FC1EA2A5}.Debug|Any CPU.Build.0 = Debug|Any CPU
		{A781B266-E4D2-4896-AC19-E3D6FC1EA2A5}.Release|Any CPU.ActiveCfg = Release|Any CPU
		{A781B266-E4D2-4896-AC19-E3D6FC1EA2A5}.Release|Any CPU.Build.0 = Release|Any CPU
	EndGlobalSection
	GlobalSection(SolutionProperties) = preSolution
		HideSolutionNode = FALSE
	EndGlobalSection
	GlobalSection(ExtensibilityGlobals) = postSolution
		SolutionGuid = {ECE094A0-471D-4809-81CB-871BB9303120}
	EndGlobalSection
EndGlobal
