
Microsoft Visual Studio Solution File, Format Version 12.00
# Visual Studio Version 16
VisualStudioVersion = 16.0.29209.152
MinimumVisualStudioVersion = 10.0.40219.1
Project("{FAE04EC0-301F-11D3-BF4B-00C04F79EFBC}") = "BlazorPWA.Server", "Server\BlazorPWA.Server.csproj", "{B3CACAC6-E645-4588-A359-6B575955999F}"
EndProject
Project("{FAE04EC0-301F-11D3-BF4B-00C04F79EFBC}") = "BlazorPWA.Client", "Client\BlazorPWA.Client.csproj", "{8E385DA3-3790-4460-91E1-A9BC29F1F366}"
EndProject
Project("{FAE04EC0-301F-11D3-BF4B-00C04F79EFBC}") = "BlazorPWA.Shared", "Shared\BlazorPWA.Shared.csproj", "{F493F93F-D7F5-41D9-96AA-35D06F036E87}"
EndProject
Global
	GlobalSection(SolutionConfigurationPlatforms) = preSolution
		Debug|Any CPU = Debug|Any CPU
		Release|Any CPU = Release|Any CPU
	EndGlobalSection
	GlobalSection(ProjectConfigurationPlatforms) = postSolution
		{B3CACAC6-E645-4588-A359-6B575955999F}.Debug|Any CPU.ActiveCfg = Debug|Any CPU
		{B3CACAC6-E645-4588-A359-6B575955999F}.Debug|Any CPU.Build.0 = Debug|Any CPU
		{B3CACAC6-E645-4588-A359-6B575955999F}.Release|Any CPU.ActiveCfg = Release|Any CPU
		{B3CACAC6-E645-4588-A359-6B575955999F}.Release|Any CPU.Build.0 = Release|Any CPU
		{8E385DA3-3790-4460-91E1-A9BC29F1F366}.Debug|Any CPU.ActiveCfg = Debug|Any CPU
		{8E385DA3-3790-4460-91E1-A9BC29F1F366}.Debug|Any CPU.Build.0 = Debug|Any CPU
		{8E385DA3-3790-4460-91E1-A9BC29F1F366}.Release|Any CPU.ActiveCfg = Release|Any CPU
		{8E385DA3-3790-4460-91E1-A9BC29F1F366}.Release|Any CPU.Build.0 = Release|Any CPU
		{F493F93F-D7F5-41D9-96AA-35D06F036E87}.Debug|Any CPU.ActiveCfg = Debug|Any CPU
		{F493F93F-D7F5-41D9-96AA-35D06F036E87}.Debug|Any CPU.Build.0 = Debug|Any CPU
		{F493F93F-D7F5-41D9-96AA-35D06F036E87}.Release|Any CPU.ActiveCfg = Release|Any CPU
		{F493F93F-D7F5-41D9-96AA-35D06F036E87}.Release|Any CPU.Build.0 = Release|Any CPU
	EndGlobalSection
	GlobalSection(SolutionProperties) = preSolution
		HideSolutionNode = FALSE
	EndGlobalSection
	GlobalSection(ExtensibilityGlobals) = postSolution
		SolutionGuid = {E9FC71E7-1215-4E50-86BB-ED144276EC52}
	EndGlobalSection
EndGlobal
